
Microsoft Visual Studio Solution File, Format Version 11.00
# Visual Studio 2010
Project("{FAE04EC0-301F-11D3-BF4B-00C04F79EFBC}") = "TestGame", "TestGame\TestGame\TestGame\TestGame.csproj", "{71ACEFFA-332D-40C4-B81D-00429D61BE86}"
EndProject
Project("{FAE04EC0-301F-11D3-BF4B-00C04F79EFBC}") = "TestGameContent", "TestGame\TestGame\TestGameContent\TestGameContent.contentproj", "{692527C4-A380-40F8-A634-B2069D5F3F53}"
EndProject
Project("{FAE04EC0-301F-11D3-BF4B-00C04F79EFBC}") = "xTilePC", "TileMapEditor\xTile\xTilePC.csproj", "{BF19F9E2-FD54-4B63-AF67-DA49B5EA11D9}"
EndProject
Project("{FAE04EC0-301F-11D3-BF4B-00C04F79EFBC}") = "xTilePipeline", "TileMapEditor\xTilePipeline\xTilePipeline.csproj", "{5BAD950D-BC43-4264-83AE-78A9FCBDA27F}"
	ProjectSection(ProjectDependencies) = postProject
		{BF19F9E2-FD54-4B63-AF67-DA49B5EA11D9} = {BF19F9E2-FD54-4B63-AF67-DA49B5EA11D9}
	EndProjectSection
EndProject
Project("{FAE04EC0-301F-11D3-BF4B-00C04F79EFBC}") = "Box2D.XNA - windows", "Box2D.XNA\Box2D.XNA - windows.csproj", "{22791486-E721-4511-AA4B-DA26CF5D0F2E}"
EndProject
Global
	GlobalSection(SolutionConfigurationPlatforms) = preSolution
		Debug|Any CPU = Debug|Any CPU
		Debug|x86 = Debug|x86
		Debug|Xbox 360 = Debug|Xbox 360
		Debug|Zune = Debug|Zune
		DEMO|Any CPU = DEMO|Any CPU
		DEMO|x86 = DEMO|x86
		DEMO|Xbox 360 = DEMO|Xbox 360
		DEMO|Zune = DEMO|Zune
		Release|Any CPU = Release|Any CPU
		Release|x86 = Release|x86
		Release|Xbox 360 = Release|Xbox 360
		Release|Zune = Release|Zune
		XnaTouchRelease|Any CPU = XnaTouchRelease|Any CPU
		XnaTouchRelease|x86 = XnaTouchRelease|x86
		XnaTouchRelease|Xbox 360 = XnaTouchRelease|Xbox 360
		XnaTouchRelease|Zune = XnaTouchRelease|Zune
	EndGlobalSection
	GlobalSection(ProjectConfigurationPlatforms) = postSolution
		{71ACEFFA-332D-40C4-B81D-00429D61BE86}.Debug|Any CPU.ActiveCfg = Debug|x86
		{71ACEFFA-332D-40C4-B81D-00429D61BE86}.Debug|x86.ActiveCfg = Debug|x86
		{71ACEFFA-332D-40C4-B81D-00429D61BE86}.Debug|x86.Build.0 = Debug|x86
		{71ACEFFA-332D-40C4-B81D-00429D61BE86}.Debug|Xbox 360.ActiveCfg = Debug|x86
		{71ACEFFA-332D-40C4-B81D-00429D61BE86}.Debug|Zune.ActiveCfg = Debug|x86
		{71ACEFFA-332D-40C4-B81D-00429D61BE86}.DEMO|Any CPU.ActiveCfg = Debug|x86
		{71ACEFFA-332D-40C4-B81D-00429D61BE86}.DEMO|x86.ActiveCfg = Debug|x86
		{71ACEFFA-332D-40C4-B81D-00429D61BE86}.DEMO|x86.Build.0 = Debug|x86
		{71ACEFFA-332D-40C4-B81D-00429D61BE86}.DEMO|Xbox 360.ActiveCfg = Debug|x86
		{71ACEFFA-332D-40C4-B81D-00429D61BE86}.DEMO|Zune.ActiveCfg = Debug|x86
		{71ACEFFA-332D-40C4-B81D-00429D61BE86}.Release|Any CPU.ActiveCfg = Release|x86
		{71ACEFFA-332D-40C4-B81D-00429D61BE86}.Release|x86.ActiveCfg = Release|x86
		{71ACEFFA-332D-40C4-B81D-00429D61BE86}.Release|x86.Build.0 = Release|x86
		{71ACEFFA-332D-40C4-B81D-00429D61BE86}.Release|Xbox 360.ActiveCfg = Release|x86
		{71ACEFFA-332D-40C4-B81D-00429D61BE86}.Release|Zune.ActiveCfg = Release|x86
		{71ACEFFA-332D-40C4-B81D-00429D61BE86}.XnaTouchRelease|Any CPU.ActiveCfg = Release|x86
		{71ACEFFA-332D-40C4-B81D-00429D61BE86}.XnaTouchRelease|x86.ActiveCfg = Release|x86
		{71ACEFFA-332D-40C4-B81D-00429D61BE86}.XnaTouchRelease|x86.Build.0 = Release|x86
		{71ACEFFA-332D-40C4-B81D-00429D61BE86}.XnaTouchRelease|Xbox 360.ActiveCfg = Release|x86
		{71ACEFFA-332D-40C4-B81D-00429D61BE86}.XnaTouchRelease|Zune.ActiveCfg = Release|x86
		{692527C4-A380-40F8-A634-B2069D5F3F53}.Debug|Any CPU.ActiveCfg = Debug|x86
		{692527C4-A380-40F8-A634-B2069D5F3F53}.Debug|x86.ActiveCfg = Debug|x86
		{692527C4-A380-40F8-A634-B2069D5F3F53}.Debug|Xbox 360.ActiveCfg = Debug|x86
		{692527C4-A380-40F8-A634-B2069D5F3F53}.Debug|Zune.ActiveCfg = Debug|x86
		{692527C4-A380-40F8-A634-B2069D5F3F53}.DEMO|Any CPU.ActiveCfg = Debug|x86
		{692527C4-A380-40F8-A634-B2069D5F3F53}.DEMO|x86.ActiveCfg = Debug|x86
		{692527C4-A380-40F8-A634-B2069D5F3F53}.DEMO|Xbox 360.ActiveCfg = Debug|x86
		{692527C4-A380-40F8-A634-B2069D5F3F53}.DEMO|Zune.ActiveCfg = Debug|x86
		{692527C4-A380-40F8-A634-B2069D5F3F53}.Release|Any CPU.ActiveCfg = Release|x86
		{692527C4-A380-40F8-A634-B2069D5F3F53}.Release|x86.ActiveCfg = Release|x86
		{692527C4-A380-40F8-A634-B2069D5F3F53}.Release|Xbox 360.ActiveCfg = Release|x86
		{692527C4-A380-40F8-A634-B2069D5F3F53}.Release|Zune.ActiveCfg = Release|x86
		{692527C4-A380-40F8-A634-B2069D5F3F53}.XnaTouchRelease|Any CPU.ActiveCfg = Release|x86
		{692527C4-A380-40F8-A634-B2069D5F3F53}.XnaTouchRelease|x86.ActiveCfg = Release|x86
		{692527C4-A380-40F8-A634-B2069D5F3F53}.XnaTouchRelease|Xbox 360.ActiveCfg = Release|x86
		{692527C4-A380-40F8-A634-B2069D5F3F53}.XnaTouchRelease|Zune.ActiveCfg = Release|x86
		{BF19F9E2-FD54-4B63-AF67-DA49B5EA11D9}.Debug|Any CPU.ActiveCfg = Debug|x86
		{BF19F9E2-FD54-4B63-AF67-DA49B5EA11D9}.Debug|x86.ActiveCfg = Debug|x86
		{BF19F9E2-FD54-4B63-AF67-DA49B5EA11D9}.Debug|x86.Build.0 = Debug|x86
		{BF19F9E2-FD54-4B63-AF67-DA49B5EA11D9}.Debug|Xbox 360.ActiveCfg = Debug|x86
		{BF19F9E2-FD54-4B63-AF67-DA49B5EA11D9}.Debug|Zune.ActiveCfg = Debug|x86
		{BF19F9E2-FD54-4B63-AF67-DA49B5EA11D9}.DEMO|Any CPU.ActiveCfg = Debug|x86
		{BF19F9E2-FD54-4B63-AF67-DA49B5EA11D9}.DEMO|x86.ActiveCfg = Debug|x86
		{BF19F9E2-FD54-4B63-AF67-DA49B5EA11D9}.DEMO|x86.Build.0 = Debug|x86
		{BF19F9E2-FD54-4B63-AF67-DA49B5EA11D9}.DEMO|Xbox 360.ActiveCfg = Debug|x86
		{BF19F9E2-FD54-4B63-AF67-DA49B5EA11D9}.DEMO|Zune.ActiveCfg = Debug|x86
		{BF19F9E2-FD54-4B63-AF67-DA49B5EA11D9}.Release|Any CPU.ActiveCfg = Release|x86
		{BF19F9E2-FD54-4B63-AF67-DA49B5EA11D9}.Release|x86.ActiveCfg = Release|x86
		{BF19F9E2-FD54-4B63-AF67-DA49B5EA11D9}.Release|x86.Build.0 = Release|x86
		{BF19F9E2-FD54-4B63-AF67-DA49B5EA11D9}.Release|Xbox 360.ActiveCfg = Release|x86
		{BF19F9E2-FD54-4B63-AF67-DA49B5EA11D9}.Release|Zune.ActiveCfg = Release|x86
		{BF19F9E2-FD54-4B63-AF67-DA49B5EA11D9}.XnaTouchRelease|Any CPU.ActiveCfg = Release|x86
		{BF19F9E2-FD54-4B63-AF67-DA49B5EA11D9}.XnaTouchRelease|x86.ActiveCfg = Release|x86
		{BF19F9E2-FD54-4B63-AF67-DA49B5EA11D9}.XnaTouchRelease|x86.Build.0 = Release|x86
		{BF19F9E2-FD54-4B63-AF67-DA49B5EA11D9}.XnaTouchRelease|Xbox 360.ActiveCfg = Release|x86
		{BF19F9E2-FD54-4B63-AF67-DA49B5EA11D9}.XnaTouchRelease|Zune.ActiveCfg = Release|x86
		{5BAD950D-BC43-4264-83AE-78A9FCBDA27F}.Debug|Any CPU.ActiveCfg = Debug|Zune
		{5BAD950D-BC43-4264-83AE-78A9FCBDA27F}.Debug|x86.ActiveCfg = Debug|x86
		{5BAD950D-BC43-4264-83AE-78A9FCBDA27F}.Debug|x86.Build.0 = Debug|x86
		{5BAD950D-BC43-4264-83AE-78A9FCBDA27F}.Debug|Xbox 360.ActiveCfg = Debug|Xbox 360
		{5BAD950D-BC43-4264-83AE-78A9FCBDA27F}.Debug|Xbox 360.Build.0 = Debug|Xbox 360
		{5BAD950D-BC43-4264-83AE-78A9FCBDA27F}.Debug|Zune.ActiveCfg = Debug|Zune
		{5BAD950D-BC43-4264-83AE-78A9FCBDA27F}.Debug|Zune.Build.0 = Debug|Zune
		{5BAD950D-BC43-4264-83AE-78A9FCBDA27F}.DEMO|Any CPU.ActiveCfg = Debug|Zune
		{5BAD950D-BC43-4264-83AE-78A9FCBDA27F}.DEMO|x86.ActiveCfg = Debug|Zune
		{5BAD950D-BC43-4264-83AE-78A9FCBDA27F}.DEMO|Xbox 360.ActiveCfg = Debug|Zune
		{5BAD950D-BC43-4264-83AE-78A9FCBDA27F}.DEMO|Zune.ActiveCfg = Debug|Zune
		{5BAD950D-BC43-4264-83AE-78A9FCBDA27F}.DEMO|Zune.Build.0 = Debug|Zune
		{5BAD950D-BC43-4264-83AE-78A9FCBDA27F}.Release|Any CPU.ActiveCfg = Release|Zune
		{5BAD950D-BC43-4264-83AE-78A9FCBDA27F}.Release|x86.ActiveCfg = Release|x86
		{5BAD950D-BC43-4264-83AE-78A9FCBDA27F}.Release|x86.Build.0 = Release|x86
		{5BAD950D-BC43-4264-83AE-78A9FCBDA27F}.Release|Xbox 360.ActiveCfg = Release|Xbox 360
		{5BAD950D-BC43-4264-83AE-78A9FCBDA27F}.Release|Xbox 360.Build.0 = Release|Xbox 360
		{5BAD950D-BC43-4264-83AE-78A9FCBDA27F}.Release|Zune.ActiveCfg = Release|Zune
		{5BAD950D-BC43-4264-83AE-78A9FCBDA27F}.Release|Zune.Build.0 = Release|Zune
		{5BAD950D-BC43-4264-83AE-78A9FCBDA27F}.XnaTouchRelease|Any CPU.ActiveCfg = Release|Zune
		{5BAD950D-BC43-4264-83AE-78A9FCBDA27F}.XnaTouchRelease|x86.ActiveCfg = Release|x86
		{5BAD950D-BC43-4264-83AE-78A9FCBDA27F}.XnaTouchRelease|x86.Build.0 = Release|x86
		{5BAD950D-BC43-4264-83AE-78A9FCBDA27F}.XnaTouchRelease|Xbox 360.ActiveCfg = Release|Xbox 360
		{5BAD950D-BC43-4264-83AE-78A9FCBDA27F}.XnaTouchRelease|Xbox 360.Build.0 = Release|Xbox 360
		{5BAD950D-BC43-4264-83AE-78A9FCBDA27F}.XnaTouchRelease|Zune.ActiveCfg = Release|Zune
		{5BAD950D-BC43-4264-83AE-78A9FCBDA27F}.XnaTouchRelease|Zune.Build.0 = Release|Zune
		{22791486-E721-4511-AA4B-DA26CF5D0F2E}.Debug|Any CPU.ActiveCfg = Debug|x86
		{22791486-E721-4511-AA4B-DA26CF5D0F2E}.Debug|x86.ActiveCfg = Debug|x86
		{22791486-E721-4511-AA4B-DA26CF5D0F2E}.Debug|x86.Build.0 = Debug|x86
		{22791486-E721-4511-AA4B-DA26CF5D0F2E}.Debug|Xbox 360.ActiveCfg = Debug|x86
		{22791486-E721-4511-AA4B-DA26CF5D0F2E}.Debug|Zune.ActiveCfg = Debug|x86
		{22791486-E721-4511-AA4B-DA26CF5D0F2E}.DEMO|Any CPU.ActiveCfg = Debug|x86
		{22791486-E721-4511-AA4B-DA26CF5D0F2E}.DEMO|x86.ActiveCfg = Debug|x86
		{22791486-E721-4511-AA4B-DA26CF5D0F2E}.DEMO|x86.Build.0 = Debug|x86
		{22791486-E721-4511-AA4B-DA26CF5D0F2E}.DEMO|Xbox 360.ActiveCfg = Debug|x86
		{22791486-E721-4511-AA4B-DA26CF5D0F2E}.DEMO|Zune.ActiveCfg = Debug|x86
		{22791486-E721-4511-AA4B-DA26CF5D0F2E}.Release|Any CPU.ActiveCfg = Release|x86
		{22791486-E721-4511-AA4B-DA26CF5D0F2E}.Release|x86.ActiveCfg = Release|x86
		{22791486-E721-4511-AA4B-DA26CF5D0F2E}.Release|x86.Build.0 = Release|x86
		{22791486-E721-4511-AA4B-DA26CF5D0F2E}.Release|Xbox 360.ActiveCfg = Release|x86
		{22791486-E721-4511-AA4B-DA26CF5D0F2E}.Release|Zune.ActiveCfg = Release|x86
		{22791486-E721-4511-AA4B-DA26CF5D0F2E}.XnaTouchRelease|Any CPU.ActiveCfg = Release|x86
		{22791486-E721-4511-AA4B-DA26CF5D0F2E}.XnaTouchRelease|x86.ActiveCfg = Release|x86
		{22791486-E721-4511-AA4B-DA26CF5D0F2E}.XnaTouchRelease|x86.Build.0 = Release|x86
		{22791486-E721-4511-AA4B-DA26CF5D0F2E}.XnaTouchRelease|Xbox 360.ActiveCfg = Release|x86
		{22791486-E721-4511-AA4B-DA26CF5D0F2E}.XnaTouchRelease|Zune.ActiveCfg = Release|x86
	EndGlobalSection
	GlobalSection(SolutionProperties) = preSolution
		HideSolutionNode = FALSE
	EndGlobalSection
EndGlobal
