
Microsoft Visual Studio Solution File, Format Version 11.00
# Visual Studio 2010
Project("{FAE04EC0-301F-11D3-BF4B-00C04F79EFBC}") = "TestGame", "TestGame\TestGame\TestGame\TestGame.csproj", "{71ACEFFA-332D-40C4-B81D-00429D61BE86}"
EndProject
Project("{FAE04EC0-301F-11D3-BF4B-00C04F79EFBC}") = "TestGameContent", "TestGame\TestGame\TestGameContent\TestGameContent.contentproj", "{692527C4-A380-40F8-A634-B2069D5F3F53}"
EndProject
Project("{FAE04EC0-301F-11D3-BF4B-00C04F79EFBC}") = "xTilePC", "TileMapEditor\xTile\xTilePC.csproj", "{BF19F9E2-FD54-4B63-AF67-DA49B5EA11D9}"
EndProject
Project("{FAE04EC0-301F-11D3-BF4B-00C04F79EFBC}") = "xTilePipeline", "TileMapEditor\xTilePipeline\xTilePipeline.csproj", "{5BAD950D-BC43-4264-83AE-78A9FCBDA27F}"
	ProjectSection(ProjectDependencies) = postProject
		{BF19F9E2-FD54-4B63-AF67-DA49B5EA11D9} = {BF19F9E2-FD54-4B63-AF67-DA49B5EA11D9}
	EndProjectSection
EndProject
Project("{FAE04EC0-301F-11D3-BF4B-00C04F79EFBC}") = "IceCream", "IceCream\IceCream.csproj", "{F69EE070-16E6-420E-BCF4-B9B809DCF87D}"
EndProject
Project("{FAE04EC0-301F-11D3-BF4B-00C04F79EFBC}") = "Milkshake", "Milkshake\Milkshake.csproj", "{801E92B0-D38F-487B-A612-67480344B5ED}"
EndProject
Project("{FAE04EC0-301F-11D3-BF4B-00C04F79EFBC}") = "MilkshakeLibrary", "MilkshakeLibrary\MilkshakeLibrary.csproj", "{FDA579D2-BEDF-47DF-A638-CC172B7CC3E5}"
EndProject
Global
	GlobalSection(SolutionConfigurationPlatforms) = preSolution
		Debug|Any CPU = Debug|Any CPU
		Debug|x86 = Debug|x86
		Debug|Xbox 360 = Debug|Xbox 360
		Debug|Zune = Debug|Zune
		DEMO|Any CPU = DEMO|Any CPU
		DEMO|x86 = DEMO|x86
		DEMO|Xbox 360 = DEMO|Xbox 360
		DEMO|Zune = DEMO|Zune
		Release|Any CPU = Release|Any CPU
		Release|x86 = Release|x86
		Release|Xbox 360 = Release|Xbox 360
		Release|Zune = Release|Zune
		XnaTouchRelease|Any CPU = XnaTouchRelease|Any CPU
		XnaTouchRelease|x86 = XnaTouchRelease|x86
		XnaTouchRelease|Xbox 360 = XnaTouchRelease|Xbox 360
		XnaTouchRelease|Zune = XnaTouchRelease|Zune
	EndGlobalSection
	GlobalSection(ProjectConfigurationPlatforms) = postSolution
		{71ACEFFA-332D-40C4-B81D-00429D61BE86}.Debug|Any CPU.ActiveCfg = Debug|x86
		{71ACEFFA-332D-40C4-B81D-00429D61BE86}.Debug|x86.ActiveCfg = Debug|x86
		{71ACEFFA-332D-40C4-B81D-00429D61BE86}.Debug|x86.Build.0 = Debug|x86
		{71ACEFFA-332D-40C4-B81D-00429D61BE86}.Debug|Xbox 360.ActiveCfg = Debug|x86
		{71ACEFFA-332D-40C4-B81D-00429D61BE86}.Debug|Zune.ActiveCfg = Debug|x86
		{71ACEFFA-332D-40C4-B81D-00429D61BE86}.DEMO|Any CPU.ActiveCfg = Debug|x86
		{71ACEFFA-332D-40C4-B81D-00429D61BE86}.DEMO|x86.ActiveCfg = Debug|x86
		{71ACEFFA-332D-40C4-B81D-00429D61BE86}.DEMO|x86.Build.0 = Debug|x86
		{71ACEFFA-332D-40C4-B81D-00429D61BE86}.DEMO|Xbox 360.ActiveCfg = Debug|x86
		{71ACEFFA-332D-40C4-B81D-00429D61BE86}.DEMO|Zune.ActiveCfg = Debug|x86
		{71ACEFFA-332D-40C4-B81D-00429D61BE86}.Release|Any CPU.ActiveCfg = Release|x86
		{71ACEFFA-332D-40C4-B81D-00429D61BE86}.Release|x86.ActiveCfg = Release|x86
		{71ACEFFA-332D-40C4-B81D-00429D61BE86}.Release|x86.Build.0 = Release|x86
		{71ACEFFA-332D-40C4-B81D-00429D61BE86}.Release|Xbox 360.ActiveCfg = Release|x86
		{71ACEFFA-332D-40C4-B81D-00429D61BE86}.Release|Zune.ActiveCfg = Release|x86
		{71ACEFFA-332D-40C4-B81D-00429D61BE86}.XnaTouchRelease|Any CPU.ActiveCfg = Release|x86
		{71ACEFFA-332D-40C4-B81D-00429D61BE86}.XnaTouchRelease|x86.ActiveCfg = Release|x86
		{71ACEFFA-332D-40C4-B81D-00429D61BE86}.XnaTouchRelease|x86.Build.0 = Release|x86
		{71ACEFFA-332D-40C4-B81D-00429D61BE86}.XnaTouchRelease|Xbox 360.ActiveCfg = Release|x86
		{71ACEFFA-332D-40C4-B81D-00429D61BE86}.XnaTouchRelease|Zune.ActiveCfg = Release|x86
		{692527C4-A380-40F8-A634-B2069D5F3F53}.Debug|Any CPU.ActiveCfg = Debug|x86
		{692527C4-A380-40F8-A634-B2069D5F3F53}.Debug|x86.ActiveCfg = Debug|x86
		{692527C4-A380-40F8-A634-B2069D5F3F53}.Debug|Xbox 360.ActiveCfg = Debug|x86
		{692527C4-A380-40F8-A634-B2069D5F3F53}.Debug|Zune.ActiveCfg = Debug|x86
		{692527C4-A380-40F8-A634-B2069D5F3F53}.DEMO|Any CPU.ActiveCfg = Debug|x86
		{692527C4-A380-40F8-A634-B2069D5F3F53}.DEMO|x86.ActiveCfg = Debug|x86
		{692527C4-A380-40F8-A634-B2069D5F3F53}.DEMO|Xbox 360.ActiveCfg = Debug|x86
		{692527C4-A380-40F8-A634-B2069D5F3F53}.DEMO|Zune.ActiveCfg = Debug|x86
		{692527C4-A380-40F8-A634-B2069D5F3F53}.Release|Any CPU.ActiveCfg = Release|x86
		{692527C4-A380-40F8-A634-B2069D5F3F53}.Release|x86.ActiveCfg = Release|x86
		{692527C4-A380-40F8-A634-B2069D5F3F53}.Release|Xbox 360.ActiveCfg = Release|x86
		{692527C4-A380-40F8-A634-B2069D5F3F53}.Release|Zune.ActiveCfg = Release|x86
		{692527C4-A380-40F8-A634-B2069D5F3F53}.XnaTouchRelease|Any CPU.ActiveCfg = Release|x86
		{692527C4-A380-40F8-A634-B2069D5F3F53}.XnaTouchRelease|x86.ActiveCfg = Release|x86
		{692527C4-A380-40F8-A634-B2069D5F3F53}.XnaTouchRelease|Xbox 360.ActiveCfg = Release|x86
		{692527C4-A380-40F8-A634-B2069D5F3F53}.XnaTouchRelease|Zune.ActiveCfg = Release|x86
		{BF19F9E2-FD54-4B63-AF67-DA49B5EA11D9}.Debug|Any CPU.ActiveCfg = Debug|x86
		{BF19F9E2-FD54-4B63-AF67-DA49B5EA11D9}.Debug|x86.ActiveCfg = Debug|x86
		{BF19F9E2-FD54-4B63-AF67-DA49B5EA11D9}.Debug|x86.Build.0 = Debug|x86
		{BF19F9E2-FD54-4B63-AF67-DA49B5EA11D9}.Debug|Xbox 360.ActiveCfg = Debug|x86
		{BF19F9E2-FD54-4B63-AF67-DA49B5EA11D9}.Debug|Zune.ActiveCfg = Debug|x86
		{BF19F9E2-FD54-4B63-AF67-DA49B5EA11D9}.DEMO|Any CPU.ActiveCfg = Debug|x86
		{BF19F9E2-FD54-4B63-AF67-DA49B5EA11D9}.DEMO|x86.ActiveCfg = Debug|x86
		{BF19F9E2-FD54-4B63-AF67-DA49B5EA11D9}.DEMO|x86.Build.0 = Debug|x86
		{BF19F9E2-FD54-4B63-AF67-DA49B5EA11D9}.DEMO|Xbox 360.ActiveCfg = Debug|x86
		{BF19F9E2-FD54-4B63-AF67-DA49B5EA11D9}.DEMO|Zune.ActiveCfg = Debug|x86
		{BF19F9E2-FD54-4B63-AF67-DA49B5EA11D9}.Release|Any CPU.ActiveCfg = Release|x86
		{BF19F9E2-FD54-4B63-AF67-DA49B5EA11D9}.Release|x86.ActiveCfg = Release|x86
		{BF19F9E2-FD54-4B63-AF67-DA49B5EA11D9}.Release|x86.Build.0 = Release|x86
		{BF19F9E2-FD54-4B63-AF67-DA49B5EA11D9}.Release|Xbox 360.ActiveCfg = Release|x86
		{BF19F9E2-FD54-4B63-AF67-DA49B5EA11D9}.Release|Zune.ActiveCfg = Release|x86
		{BF19F9E2-FD54-4B63-AF67-DA49B5EA11D9}.XnaTouchRelease|Any CPU.ActiveCfg = Release|x86
		{BF19F9E2-FD54-4B63-AF67-DA49B5EA11D9}.XnaTouchRelease|x86.ActiveCfg = Release|x86
		{BF19F9E2-FD54-4B63-AF67-DA49B5EA11D9}.XnaTouchRelease|x86.Build.0 = Release|x86
		{BF19F9E2-FD54-4B63-AF67-DA49B5EA11D9}.XnaTouchRelease|Xbox 360.ActiveCfg = Release|x86
		{BF19F9E2-FD54-4B63-AF67-DA49B5EA11D9}.XnaTouchRelease|Zune.ActiveCfg = Release|x86
		{5BAD950D-BC43-4264-83AE-78A9FCBDA27F}.Debug|Any CPU.ActiveCfg = Debug|Zune
		{5BAD950D-BC43-4264-83AE-78A9FCBDA27F}.Debug|x86.ActiveCfg = Debug|x86
		{5BAD950D-BC43-4264-83AE-78A9FCBDA27F}.Debug|x86.Build.0 = Debug|x86
		{5BAD950D-BC43-4264-83AE-78A9FCBDA27F}.Debug|Xbox 360.ActiveCfg = Debug|Xbox 360
		{5BAD950D-BC43-4264-83AE-78A9FCBDA27F}.Debug|Xbox 360.Build.0 = Debug|Xbox 360
		{5BAD950D-BC43-4264-83AE-78A9FCBDA27F}.Debug|Zune.ActiveCfg = Debug|Zune
		{5BAD950D-BC43-4264-83AE-78A9FCBDA27F}.Debug|Zune.Build.0 = Debug|Zune
		{5BAD950D-BC43-4264-83AE-78A9FCBDA27F}.DEMO|Any CPU.ActiveCfg = Debug|Zune
		{5BAD950D-BC43-4264-83AE-78A9FCBDA27F}.DEMO|x86.ActiveCfg = Debug|Zune
		{5BAD950D-BC43-4264-83AE-78A9FCBDA27F}.DEMO|Xbox 360.ActiveCfg = Debug|Zune
		{5BAD950D-BC43-4264-83AE-78A9FCBDA27F}.DEMO|Zune.ActiveCfg = Debug|Zune
		{5BAD950D-BC43-4264-83AE-78A9FCBDA27F}.DEMO|Zune.Build.0 = Debug|Zune
		{5BAD950D-BC43-4264-83AE-78A9FCBDA27F}.Release|Any CPU.ActiveCfg = Release|Zune
		{5BAD950D-BC43-4264-83AE-78A9FCBDA27F}.Release|x86.ActiveCfg = Release|x86
		{5BAD950D-BC43-4264-83AE-78A9FCBDA27F}.Release|x86.Build.0 = Release|x86
		{5BAD950D-BC43-4264-83AE-78A9FCBDA27F}.Release|Xbox 360.ActiveCfg = Release|Xbox 360
		{5BAD950D-BC43-4264-83AE-78A9FCBDA27F}.Release|Xbox 360.Build.0 = Release|Xbox 360
		{5BAD950D-BC43-4264-83AE-78A9FCBDA27F}.Release|Zune.ActiveCfg = Release|Zune
		{5BAD950D-BC43-4264-83AE-78A9FCBDA27F}.Release|Zune.Build.0 = Release|Zune
		{5BAD950D-BC43-4264-83AE-78A9FCBDA27F}.XnaTouchRelease|Any CPU.ActiveCfg = Release|Zune
		{5BAD950D-BC43-4264-83AE-78A9FCBDA27F}.XnaTouchRelease|x86.ActiveCfg = Release|x86
		{5BAD950D-BC43-4264-83AE-78A9FCBDA27F}.XnaTouchRelease|x86.Build.0 = Release|x86
		{5BAD950D-BC43-4264-83AE-78A9FCBDA27F}.XnaTouchRelease|Xbox 360.ActiveCfg = Release|Xbox 360
		{5BAD950D-BC43-4264-83AE-78A9FCBDA27F}.XnaTouchRelease|Xbox 360.Build.0 = Release|Xbox 360
		{5BAD950D-BC43-4264-83AE-78A9FCBDA27F}.XnaTouchRelease|Zune.ActiveCfg = Release|Zune
		{5BAD950D-BC43-4264-83AE-78A9FCBDA27F}.XnaTouchRelease|Zune.Build.0 = Release|Zune
		{F69EE070-16E6-420E-BCF4-B9B809DCF87D}.Debug|Any CPU.ActiveCfg = Debug|x86
		{F69EE070-16E6-420E-BCF4-B9B809DCF87D}.Debug|x86.ActiveCfg = Debug|x86
		{F69EE070-16E6-420E-BCF4-B9B809DCF87D}.Debug|x86.Build.0 = Debug|x86
		{F69EE070-16E6-420E-BCF4-B9B809DCF87D}.Debug|Xbox 360.ActiveCfg = Debug|x86
		{F69EE070-16E6-420E-BCF4-B9B809DCF87D}.Debug|Zune.ActiveCfg = Debug|x86
		{F69EE070-16E6-420E-BCF4-B9B809DCF87D}.DEMO|Any CPU.ActiveCfg = DEMO|x86
		{F69EE070-16E6-420E-BCF4-B9B809DCF87D}.DEMO|x86.ActiveCfg = DEMO|x86
		{F69EE070-16E6-420E-BCF4-B9B809DCF87D}.DEMO|x86.Build.0 = DEMO|x86
		{F69EE070-16E6-420E-BCF4-B9B809DCF87D}.DEMO|Xbox 360.ActiveCfg = DEMO|x86
		{F69EE070-16E6-420E-BCF4-B9B809DCF87D}.DEMO|Zune.ActiveCfg = DEMO|x86
		{F69EE070-16E6-420E-BCF4-B9B809DCF87D}.Release|Any CPU.ActiveCfg = Release|x86
		{F69EE070-16E6-420E-BCF4-B9B809DCF87D}.Release|x86.ActiveCfg = Release|x86
		{F69EE070-16E6-420E-BCF4-B9B809DCF87D}.Release|x86.Build.0 = Release|x86
		{F69EE070-16E6-420E-BCF4-B9B809DCF87D}.Release|Xbox 360.ActiveCfg = Release|x86
		{F69EE070-16E6-420E-BCF4-B9B809DCF87D}.Release|Zune.ActiveCfg = Release|x86
		{F69EE070-16E6-420E-BCF4-B9B809DCF87D}.XnaTouchRelease|Any CPU.ActiveCfg = XnaTouchRelease|x86
		{F69EE070-16E6-420E-BCF4-B9B809DCF87D}.XnaTouchRelease|x86.ActiveCfg = XnaTouchRelease|x86
		{F69EE070-16E6-420E-BCF4-B9B809DCF87D}.XnaTouchRelease|x86.Build.0 = XnaTouchRelease|x86
		{F69EE070-16E6-420E-BCF4-B9B809DCF87D}.XnaTouchRelease|Xbox 360.ActiveCfg = XnaTouchRelease|x86
		{F69EE070-16E6-420E-BCF4-B9B809DCF87D}.XnaTouchRelease|Zune.ActiveCfg = XnaTouchRelease|x86
		{801E92B0-D38F-487B-A612-67480344B5ED}.Debug|Any CPU.ActiveCfg = Debug|Any CPU
		{801E92B0-D38F-487B-A612-67480344B5ED}.Debug|Any CPU.Build.0 = Debug|Any CPU
		{801E92B0-D38F-487B-A612-67480344B5ED}.Debug|x86.ActiveCfg = Debug|x86
		{801E92B0-D38F-487B-A612-67480344B5ED}.Debug|x86.Build.0 = Debug|x86
		{801E92B0-D38F-487B-A612-67480344B5ED}.Debug|Xbox 360.ActiveCfg = Debug|x86
		{801E92B0-D38F-487B-A612-67480344B5ED}.Debug|Xbox 360.Build.0 = Debug|x86
		{801E92B0-D38F-487B-A612-67480344B5ED}.Debug|Zune.ActiveCfg = Debug|Any CPU
		{801E92B0-D38F-487B-A612-67480344B5ED}.Debug|Zune.Build.0 = Debug|Any CPU
		{801E92B0-D38F-487B-A612-67480344B5ED}.DEMO|Any CPU.ActiveCfg = Debug|Any CPU
		{801E92B0-D38F-487B-A612-67480344B5ED}.DEMO|Any CPU.Build.0 = Debug|Any CPU
		{801E92B0-D38F-487B-A612-67480344B5ED}.DEMO|x86.ActiveCfg = Debug|Any CPU
		{801E92B0-D38F-487B-A612-67480344B5ED}.DEMO|x86.Build.0 = Debug|Any CPU
		{801E92B0-D38F-487B-A612-67480344B5ED}.DEMO|Xbox 360.ActiveCfg = Debug|Any CPU
		{801E92B0-D38F-487B-A612-67480344B5ED}.DEMO|Xbox 360.Build.0 = Debug|Any CPU
		{801E92B0-D38F-487B-A612-67480344B5ED}.DEMO|Zune.ActiveCfg = Debug|Any CPU
		{801E92B0-D38F-487B-A612-67480344B5ED}.DEMO|Zune.Build.0 = Debug|Any CPU
		{801E92B0-D38F-487B-A612-67480344B5ED}.Release|Any CPU.ActiveCfg = Release|Any CPU
		{801E92B0-D38F-487B-A612-67480344B5ED}.Release|Any CPU.Build.0 = Release|Any CPU
		{801E92B0-D38F-487B-A612-67480344B5ED}.Release|x86.ActiveCfg = Release|x86
		{801E92B0-D38F-487B-A612-67480344B5ED}.Release|x86.Build.0 = Release|x86
		{801E92B0-D38F-487B-A612-67480344B5ED}.Release|Xbox 360.ActiveCfg = Release|x86
		{801E92B0-D38F-487B-A612-67480344B5ED}.Release|Xbox 360.Build.0 = Release|x86
		{801E92B0-D38F-487B-A612-67480344B5ED}.Release|Zune.ActiveCfg = Release|Any CPU
		{801E92B0-D38F-487B-A612-67480344B5ED}.Release|Zune.Build.0 = Release|Any CPU
		{801E92B0-D38F-487B-A612-67480344B5ED}.XnaTouchRelease|Any CPU.ActiveCfg = Release|Any CPU
		{801E92B0-D38F-487B-A612-67480344B5ED}.XnaTouchRelease|Any CPU.Build.0 = Release|Any CPU
		{801E92B0-D38F-487B-A612-67480344B5ED}.XnaTouchRelease|x86.ActiveCfg = Release|x86
		{801E92B0-D38F-487B-A612-67480344B5ED}.XnaTouchRelease|x86.Build.0 = Release|x86
		{801E92B0-D38F-487B-A612-67480344B5ED}.XnaTouchRelease|Xbox 360.ActiveCfg = Release|Any CPU
		{801E92B0-D38F-487B-A612-67480344B5ED}.XnaTouchRelease|Xbox 360.Build.0 = Release|Any CPU
		{801E92B0-D38F-487B-A612-67480344B5ED}.XnaTouchRelease|Zune.ActiveCfg = Release|Any CPU
		{801E92B0-D38F-487B-A612-67480344B5ED}.XnaTouchRelease|Zune.Build.0 = Release|Any CPU
		{FDA579D2-BEDF-47DF-A638-CC172B7CC3E5}.Debug|Any CPU.ActiveCfg = Debug|x86
		{FDA579D2-BEDF-47DF-A638-CC172B7CC3E5}.Debug|x86.ActiveCfg = Debug|x86
		{FDA579D2-BEDF-47DF-A638-CC172B7CC3E5}.Debug|x86.Build.0 = Debug|x86
		{FDA579D2-BEDF-47DF-A638-CC172B7CC3E5}.Debug|Xbox 360.ActiveCfg = Debug|x86
		{FDA579D2-BEDF-47DF-A638-CC172B7CC3E5}.Debug|Zune.ActiveCfg = Debug|x86
		{FDA579D2-BEDF-47DF-A638-CC172B7CC3E5}.DEMO|Any CPU.ActiveCfg = Debug|x86
		{FDA579D2-BEDF-47DF-A638-CC172B7CC3E5}.DEMO|x86.ActiveCfg = Debug|x86
		{FDA579D2-BEDF-47DF-A638-CC172B7CC3E5}.DEMO|x86.Build.0 = Debug|x86
		{FDA579D2-BEDF-47DF-A638-CC172B7CC3E5}.DEMO|Xbox 360.ActiveCfg = Debug|x86
		{FDA579D2-BEDF-47DF-A638-CC172B7CC3E5}.DEMO|Zune.ActiveCfg = Debug|x86
		{FDA579D2-BEDF-47DF-A638-CC172B7CC3E5}.Release|Any CPU.ActiveCfg = Release|x86
		{FDA579D2-BEDF-47DF-A638-CC172B7CC3E5}.Release|x86.ActiveCfg = Release|x86
		{FDA579D2-BEDF-47DF-A638-CC172B7CC3E5}.Release|x86.Build.0 = Release|x86
		{FDA579D2-BEDF-47DF-A638-CC172B7CC3E5}.Release|Xbox 360.ActiveCfg = Release|x86
		{FDA579D2-BEDF-47DF-A638-CC172B7CC3E5}.Release|Zune.ActiveCfg = Release|x86
		{FDA579D2-BEDF-47DF-A638-CC172B7CC3E5}.XnaTouchRelease|Any CPU.ActiveCfg = Release|x86
		{FDA579D2-BEDF-47DF-A638-CC172B7CC3E5}.XnaTouchRelease|x86.ActiveCfg = Release|x86
		{FDA579D2-BEDF-47DF-A638-CC172B7CC3E5}.XnaTouchRelease|x86.Build.0 = Release|x86
		{FDA579D2-BEDF-47DF-A638-CC172B7CC3E5}.XnaTouchRelease|Xbox 360.ActiveCfg = Release|x86
		{FDA579D2-BEDF-47DF-A638-CC172B7CC3E5}.XnaTouchRelease|Zune.ActiveCfg = Release|x86
	EndGlobalSection
	GlobalSection(SolutionProperties) = preSolution
		HideSolutionNode = FALSE
	EndGlobalSection
EndGlobal
